
Microsoft Visual Studio Solution File, Format Version 12.00
# Visual Studio Version 17
VisualStudioVersion = 17.5.33627.172
MinimumVisualStudioVersion = 10.0.40219.1
Project("{FAE04EC0-301F-11D3-BF4B-00C04F79EFBC}") = "ContosoUniversityTARpe21", "ContosoUniversityTARpe21\ContosoUniversityTARpe21.csproj", "{8F67502E-183B-4EDC-93B8-31A0EA4255B9}"
EndProject
Global
	GlobalSection(SolutionConfigurationPlatforms) = preSolution
		Debug|Any CPU = Debug|Any CPU
		Release|Any CPU = Release|Any CPU
	EndGlobalSection
	GlobalSection(ProjectConfigurationPlatforms) = postSolution
		{8F67502E-183B-4EDC-93B8-31A0EA4255B9}.Debug|Any CPU.ActiveCfg = Debug|Any CPU
		{8F67502E-183B-4EDC-93B8-31A0EA4255B9}.Debug|Any CPU.Build.0 = Debug|Any CPU
		{8F67502E-183B-4EDC-93B8-31A0EA4255B9}.Release|Any CPU.ActiveCfg = Release|Any CPU
		{8F67502E-183B-4EDC-93B8-31A0EA4255B9}.Release|Any CPU.Build.0 = Release|Any CPU
	EndGlobalSection
	GlobalSection(SolutionProperties) = preSolution
		HideSolutionNode = FALSE
	EndGlobalSection
	GlobalSection(ExtensibilityGlobals) = postSolution
		SolutionGuid = {A58B8156-B131-4A46-BB68-B13A5E178082}
	EndGlobalSection
EndGlobal
